
Microsoft Visual Studio Solution File, Format Version 12.00
# Visual Studio Version 16
VisualStudioVersion = 16.0.30309.148
MinimumVisualStudioVersion = 10.0.40219.1
Project("{FAE04EC0-301F-11D3-BF4B-00C04F79EFBC}") = "StripeDispute", "StripeDispute\StripeDispute.csproj", "{11C6A149-443E-4C49-A4DC-4B14912ADBF0}"
EndProject
Global
	GlobalSection(SolutionConfigurationPlatforms) = preSolution
		Debug|Any CPU = Debug|Any CPU
		Release|Any CPU = Release|Any CPU
	EndGlobalSection
	GlobalSection(ProjectConfigurationPlatforms) = postSolution
		{11C6A149-443E-4C49-A4DC-4B14912ADBF0}.Debug|Any CPU.ActiveCfg = Debug|Any CPU
		{11C6A149-443E-4C49-A4DC-4B14912ADBF0}.Debug|Any CPU.Build.0 = Debug|Any CPU
		{11C6A149-443E-4C49-A4DC-4B14912ADBF0}.Release|Any CPU.ActiveCfg = Release|Any CPU
		{11C6A149-443E-4C49-A4DC-4B14912ADBF0}.Release|Any CPU.Build.0 = Release|Any CPU
	EndGlobalSection
	GlobalSection(SolutionProperties) = preSolution
		HideSolutionNode = FALSE
	EndGlobalSection
	GlobalSection(ExtensibilityGlobals) = postSolution
		SolutionGuid = {58F22482-B812-479D-BE3E-069FC90893B2}
	EndGlobalSection
EndGlobal
